
Microsoft Visual Studio Solution File, Format Version 12.00
# Visual Studio Version 16
VisualStudioVersion = 16.0.36227.6
MinimumVisualStudioVersion = 10.0.40219.1
Project("{FAE04EC0-301F-11D3-BF4B-00C04F79EFBC}") = "SimoraUnity", "SimoraUnity.csproj", "{DA2F2083-38AC-40C0-93D7-1E41AD6544FD}"
EndProject
Global
	GlobalSection(SolutionConfigurationPlatforms) = preSolution
		Debug|Any CPU = Debug|Any CPU
		Release|Any CPU = Release|Any CPU
	EndGlobalSection
	GlobalSection(ProjectConfigurationPlatforms) = postSolution
		{DA2F2083-38AC-40C0-93D7-1E41AD6544FD}.Debug|Any CPU.ActiveCfg = Debug|Any CPU
		{DA2F2083-38AC-40C0-93D7-1E41AD6544FD}.Debug|Any CPU.Build.0 = Debug|Any CPU
		{DA2F2083-38AC-40C0-93D7-1E41AD6544FD}.Release|Any CPU.ActiveCfg = Release|Any CPU
		{DA2F2083-38AC-40C0-93D7-1E41AD6544FD}.Release|Any CPU.Build.0 = Release|Any CPU
	EndGlobalSection
	GlobalSection(SolutionProperties) = preSolution
		HideSolutionNode = FALSE
	EndGlobalSection
	GlobalSection(ExtensibilityGlobals) = postSolution
		SolutionGuid = {6C136AA8-5F94-42EB-BABA-812EA79F9EF1}
	EndGlobalSection
EndGlobal
